
Microsoft Visual Studio Solution File, Format Version 12.00
# Visual Studio 15
VisualStudioVersion = 15.0.28307.1800
MinimumVisualStudioVersion = 10.0.40219.1
Project("{FAE04EC0-301F-11D3-BF4B-00C04F79EFBC}") = "forms-librarie", "forms-librarie.csproj", "{37865552-A674-4962-9929-94C2B8D295B1}"
EndProject
Global
	GlobalSection(SolutionConfigurationPlatforms) = preSolution
		Debug|Any CPU = Debug|Any CPU
		Release|Any CPU = Release|Any CPU
	EndGlobalSection
	GlobalSection(ProjectConfigurationPlatforms) = postSolution
		{37865552-A674-4962-9929-94C2B8D295B1}.Debug|Any CPU.ActiveCfg = Debug|Any CPU
		{37865552-A674-4962-9929-94C2B8D295B1}.Debug|Any CPU.Build.0 = Debug|Any CPU
		{37865552-A674-4962-9929-94C2B8D295B1}.Release|Any CPU.ActiveCfg = Release|Any CPU
		{37865552-A674-4962-9929-94C2B8D295B1}.Release|Any CPU.Build.0 = Release|Any CPU
	EndGlobalSection
	GlobalSection(SolutionProperties) = preSolution
		HideSolutionNode = FALSE
	EndGlobalSection
	GlobalSection(ExtensibilityGlobals) = postSolution
		SolutionGuid = {E40B0694-3917-4466-A1D6-11919DD8805B}
	EndGlobalSection
EndGlobal
